// !$*UTF8*$!
{
	archiveVersion = 1;
	classes = {
	};
	objectVersion = 50;
	objects = {

/* Begin PBXBuildFile section */
		48427C1C3792DD29611E7721 /* Pods_BaseTableViewDemo.framework in Frameworks */ = {isa = PBXBuildFile; fileRef = AA9E721167BF0225E2C2EE12 /* Pods_BaseTableViewDemo.framework */; };
		92A336B921AB94C20012EC64 /* AppDelegate.m in Sources */ = {isa = PBXBuildFile; fileRef = 92A336B821AB94C20012EC64 /* AppDelegate.m */; };
		92A336BF21AB94C20012EC64 /* Main.storyboard in Resources */ = {isa = PBXBuildFile; fileRef = 92A336BD21AB94C20012EC64 /* Main.storyboard */; };
		92A336C121AB94C50012EC64 /* Assets.xcassets in Resources */ = {isa = PBXBuildFile; fileRef = 92A336C021AB94C50012EC64 /* Assets.xcassets */; };
		92A336C421AB94C50012EC64 /* LaunchScreen.storyboard in Resources */ = {isa = PBXBuildFile; fileRef = 92A336C221AB94C50012EC64 /* LaunchScreen.storyboard */; };
		92A336C721AB94C50012EC64 /* main.m in Sources */ = {isa = PBXBuildFile; fileRef = 92A336C621AB94C50012EC64 /* main.m */; };
		92A336D121AB94C50012EC64 /* BaseTableViewDemoTests.m in Sources */ = {isa = PBXBuildFile; fileRef = 92A336D021AB94C50012EC64 /* BaseTableViewDemoTests.m */; };
		92A336DC21AB94C50012EC64 /* BaseTableViewDemoUITests.m in Sources */ = {isa = PBXBuildFile; fileRef = 92A336DB21AB94C50012EC64 /* BaseTableViewDemoUITests.m */; };
		92A336EE21AD186D0012EC64 /* MainViewController.m in Sources */ = {isa = PBXBuildFile; fileRef = 92A336ED21AD186D0012EC64 /* MainViewController.m */; };
		92A336F621AD1F580012EC64 /* STableView.m in Sources */ = {isa = PBXBuildFile; fileRef = 92A336F521AD1F580012EC64 /* STableView.m */; };
		92A3370121AD5E6E0012EC64 /* STableViewCell.m in Sources */ = {isa = PBXBuildFile; fileRef = 92A336FF21AD5E6E0012EC64 /* STableViewCell.m */; };
		92A3373321AE39990012EC64 /* TABMethod.m in Sources */ = {isa = PBXBuildFile; fileRef = 92A3372321AE39990012EC64 /* TABMethod.m */; };
		92A3373521AE39990012EC64 /* UITableView+Animated.m in Sources */ = {isa = PBXBuildFile; fileRef = 92A3372521AE39990012EC64 /* UITableView+Animated.m */; };
		92A3373621AE39990012EC64 /* TABViewAnimated.m in Sources */ = {isa = PBXBuildFile; fileRef = 92A3372621AE39990012EC64 /* TABViewAnimated.m */; };
		92A3373721AE39990012EC64 /* UIView+Animated.m in Sources */ = {isa = PBXBuildFile; fileRef = 92A3372821AE39990012EC64 /* UIView+Animated.m */; };
		92A3373821AE39990012EC64 /* UICollectionView+Animated.m in Sources */ = {isa = PBXBuildFile; fileRef = 92A3372921AE39990012EC64 /* UICollectionView+Animated.m */; };
		92A3374E21AE3E5D0012EC64 /* UploadFile.m in Sources */ = {isa = PBXBuildFile; fileRef = 92A3374A21AE3E5D0012EC64 /* UploadFile.m */; };
		92A3374F21AE3E5D0012EC64 /* AFNManager.m in Sources */ = {isa = PBXBuildFile; fileRef = 92A3374B21AE3E5D0012EC64 /* AFNManager.m */; };
		92A3375321AE406F0012EC64 /* UITableView+EmptyTableViewPlaceHolder.m in Sources */ = {isa = PBXBuildFile; fileRef = 92A3375121AE406F0012EC64 /* UITableView+EmptyTableViewPlaceHolder.m */; };
		92A3375621AE40CD0012EC64 /* UtilsFunctions.m in Sources */ = {isa = PBXBuildFile; fileRef = 92A3375521AE40CD0012EC64 /* UtilsFunctions.m */; };
		92A3375921AE414D0012EC64 /* UIView+ChangeFrame.m in Sources */ = {isa = PBXBuildFile; fileRef = 92A3375821AE414D0012EC64 /* UIView+ChangeFrame.m */; };
		92A3375C21AE42CB0012EC64 /* FetchData.m in Sources */ = {isa = PBXBuildFile; fileRef = 92A3375B21AE42CB0012EC64 /* FetchData.m */; };
		92A3375F21AE62FD0012EC64 /* SModel.m in Sources */ = {isa = PBXBuildFile; fileRef = 92A3375E21AE62FD0012EC64 /* SModel.m */; };
		92FCAA342201831200408D2E /* TABAnimationMethod.m in Sources */ = {isa = PBXBuildFile; fileRef = 92FCAA2A2201831200408D2E /* TABAnimationMethod.m */; };
		92FCAA352201831200408D2E /* UITableViewCell+TABLayoutSubviews.m in Sources */ = {isa = PBXBuildFile; fileRef = 92FCAA2C2201831200408D2E /* UITableViewCell+TABLayoutSubviews.m */; };
		92FCAA362201831200408D2E /* UICollectionViewCell+TABLayoutSubviews.m in Sources */ = {isa = PBXBuildFile; fileRef = 92FCAA2D2201831200408D2E /* UICollectionViewCell+TABLayoutSubviews.m */; };
		92FCAA372201831200408D2E /* UIView+TABLayoutSubviews.m in Sources */ = {isa = PBXBuildFile; fileRef = 92FCAA312201831200408D2E /* UIView+TABLayoutSubviews.m */; };
		92FCAA382201831200408D2E /* TABViewAnimated+ManagerCALayer.m in Sources */ = {isa = PBXBuildFile; fileRef = 92FCAA322201831200408D2E /* TABViewAnimated+ManagerCALayer.m */; };
/* End PBXBuildFile section */

/* Begin PBXContainerItemProxy section */
		92A336CD21AB94C50012EC64 /* PBXContainerItemProxy */ = {
			isa = PBXContainerItemProxy;
			containerPortal = 92A336AC21AB94C20012EC64 /* Project object */;
			proxyType = 1;
			remoteGlobalIDString = 92A336B321AB94C20012EC64;
			remoteInfo = BaseTableViewDemo;
		};
		92A336D821AB94C50012EC64 /* PBXContainerItemProxy */ = {
			isa = PBXContainerItemProxy;
			containerPortal = 92A336AC21AB94C20012EC64 /* Project object */;
			proxyType = 1;
			remoteGlobalIDString = 92A336B321AB94C20012EC64;
			remoteInfo = BaseTableViewDemo;
		};
/* End PBXContainerItemProxy section */

/* Begin PBXFileReference section */
		12E2297D439C5ABA00A3E353 /* Pods-BaseTableViewDemo.debug.xcconfig */ = {isa = PBXFileReference; includeInIndex = 1; lastKnownFileType = text.xcconfig; name = "Pods-BaseTableViewDemo.debug.xcconfig"; path = "Pods/Target Support Files/Pods-BaseTableViewDemo/Pods-BaseTableViewDemo.debug.xcconfig"; sourceTree = "<group>"; };
		2FCEAB0E2966AE9A3557E93E /* Pods-BaseTableViewDemo.release.xcconfig */ = {isa = PBXFileReference; includeInIndex = 1; lastKnownFileType = text.xcconfig; name = "Pods-BaseTableViewDemo.release.xcconfig"; path = "Pods/Target Support Files/Pods-BaseTableViewDemo/Pods-BaseTableViewDemo.release.xcconfig"; sourceTree = "<group>"; };
		92A336B421AB94C20012EC64 /* BaseTableViewDemo.app */ = {isa = PBXFileReference; explicitFileType = wrapper.application; includeInIndex = 0; path = BaseTableViewDemo.app; sourceTree = BUILT_PRODUCTS_DIR; };
		92A336B721AB94C20012EC64 /* AppDelegate.h */ = {isa = PBXFileReference; lastKnownFileType = sourcecode.c.h; path = AppDelegate.h; sourceTree = "<group>"; };
		92A336B821AB94C20012EC64 /* AppDelegate.m */ = {isa = PBXFileReference; lastKnownFileType = sourcecode.c.objc; path = AppDelegate.m; sourceTree = "<group>"; };
		92A336BE21AB94C20012EC64 /* Base */ = {isa = PBXFileReference; lastKnownFileType = file.storyboard; name = Base; path = Base.lproj/Main.storyboard; sourceTree = "<group>"; };
		92A336C021AB94C50012EC64 /* Assets.xcassets */ = {isa = PBXFileReference; lastKnownFileType = folder.assetcatalog; path = Assets.xcassets; sourceTree = "<group>"; };
		92A336C321AB94C50012EC64 /* Base */ = {isa = PBXFileReference; lastKnownFileType = file.storyboard; name = Base; path = Base.lproj/LaunchScreen.storyboard; sourceTree = "<group>"; };
		92A336C521AB94C50012EC64 /* Info.plist */ = {isa = PBXFileReference; lastKnownFileType = text.plist.xml; path = Info.plist; sourceTree = "<group>"; };
		92A336C621AB94C50012EC64 /* main.m */ = {isa = PBXFileReference; lastKnownFileType = sourcecode.c.objc; path = main.m; sourceTree = "<group>"; };
		92A336CC21AB94C50012EC64 /* BaseTableViewDemoTests.xctest */ = {isa = PBXFileReference; explicitFileType = wrapper.cfbundle; includeInIndex = 0; path = BaseTableViewDemoTests.xctest; sourceTree = BUILT_PRODUCTS_DIR; };
		92A336D021AB94C50012EC64 /* BaseTableViewDemoTests.m */ = {isa = PBXFileReference; lastKnownFileType = sourcecode.c.objc; path = BaseTableViewDemoTests.m; sourceTree = "<group>"; };
		92A336D221AB94C50012EC64 /* Info.plist */ = {isa = PBXFileReference; lastKnownFileType = text.plist.xml; path = Info.plist; sourceTree = "<group>"; };
		92A336D721AB94C50012EC64 /* BaseTableViewDemoUITests.xctest */ = {isa = PBXFileReference; explicitFileType = wrapper.cfbundle; includeInIndex = 0; path = BaseTableViewDemoUITests.xctest; sourceTree = BUILT_PRODUCTS_DIR; };
		92A336DB21AB94C50012EC64 /* BaseTableViewDemoUITests.m */ = {isa = PBXFileReference; lastKnownFileType = sourcecode.c.objc; path = BaseTableViewDemoUITests.m; sourceTree = "<group>"; };
		92A336DD21AB94C50012EC64 /* Info.plist */ = {isa = PBXFileReference; lastKnownFileType = text.plist.xml; path = Info.plist; sourceTree = "<group>"; };
		92A336EC21AD186D0012EC64 /* MainViewController.h */ = {isa = PBXFileReference; lastKnownFileType = sourcecode.c.h; path = MainViewController.h; sourceTree = "<group>"; };
		92A336ED21AD186D0012EC64 /* MainViewController.m */ = {isa = PBXFileReference; lastKnownFileType = sourcecode.c.objc; path = MainViewController.m; sourceTree = "<group>"; };
		92A336F421AD1F580012EC64 /* STableView.h */ = {isa = PBXFileReference; lastKnownFileType = sourcecode.c.h; path = STableView.h; sourceTree = "<group>"; };
		92A336F521AD1F580012EC64 /* STableView.m */ = {isa = PBXFileReference; lastKnownFileType = sourcecode.c.objc; path = STableView.m; sourceTree = "<group>"; };
		92A336FF21AD5E6E0012EC64 /* STableViewCell.m */ = {isa = PBXFileReference; fileEncoding = 4; lastKnownFileType = sourcecode.c.objc; path = STableViewCell.m; sourceTree = "<group>"; };
		92A3370021AD5E6E0012EC64 /* STableViewCell.h */ = {isa = PBXFileReference; fileEncoding = 4; lastKnownFileType = sourcecode.c.h; path = STableViewCell.h; sourceTree = "<group>"; };
		92A3372321AE39990012EC64 /* TABMethod.m */ = {isa = PBXFileReference; fileEncoding = 4; lastKnownFileType = sourcecode.c.objc; path = TABMethod.m; sourceTree = "<group>"; };
		92A3372521AE39990012EC64 /* UITableView+Animated.m */ = {isa = PBXFileReference; fileEncoding = 4; lastKnownFileType = sourcecode.c.objc; path = "UITableView+Animated.m"; sourceTree = "<group>"; };
		92A3372621AE39990012EC64 /* TABViewAnimated.m */ = {isa = PBXFileReference; fileEncoding = 4; lastKnownFileType = sourcecode.c.objc; path = TABViewAnimated.m; sourceTree = "<group>"; };
		92A3372821AE39990012EC64 /* UIView+Animated.m */ = {isa = PBXFileReference; fileEncoding = 4; lastKnownFileType = sourcecode.c.objc; path = "UIView+Animated.m"; sourceTree = "<group>"; };
		92A3372921AE39990012EC64 /* UICollectionView+Animated.m */ = {isa = PBXFileReference; fileEncoding = 4; lastKnownFileType = sourcecode.c.objc; path = "UICollectionView+Animated.m"; sourceTree = "<group>"; };
		92A3372B21AE39990012EC64 /* TABMethod.h */ = {isa = PBXFileReference; fileEncoding = 4; lastKnownFileType = sourcecode.c.h; path = TABMethod.h; sourceTree = "<group>"; };
		92A3372D21AE39990012EC64 /* UITableView+Animated.h */ = {isa = PBXFileReference; fileEncoding = 4; lastKnownFileType = sourcecode.c.h; path = "UITableView+Animated.h"; sourceTree = "<group>"; };
		92A3372E21AE39990012EC64 /* TABAnimated.h */ = {isa = PBXFileReference; fileEncoding = 4; lastKnownFileType = sourcecode.c.h; path = TABAnimated.h; sourceTree = "<group>"; };
		92A3372F21AE39990012EC64 /* UIView+Animated.h */ = {isa = PBXFileReference; fileEncoding = 4; lastKnownFileType = sourcecode.c.h; path = "UIView+Animated.h"; sourceTree = "<group>"; };
		92A3373021AE39990012EC64 /* TABViewAnimated.h */ = {isa = PBXFileReference; fileEncoding = 4; lastKnownFileType = sourcecode.c.h; path = TABViewAnimated.h; sourceTree = "<group>"; };
		92A3373221AE39990012EC64 /* UICollectionView+Animated.h */ = {isa = PBXFileReference; fileEncoding = 4; lastKnownFileType = sourcecode.c.h; path = "UICollectionView+Animated.h"; sourceTree = "<group>"; };
		92A3374A21AE3E5D0012EC64 /* UploadFile.m */ = {isa = PBXFileReference; fileEncoding = 4; lastKnownFileType = sourcecode.c.objc; path = UploadFile.m; sourceTree = "<group>"; };
		92A3374B21AE3E5D0012EC64 /* AFNManager.m */ = {isa = PBXFileReference; fileEncoding = 4; lastKnownFileType = sourcecode.c.objc; path = AFNManager.m; sourceTree = "<group>"; };
		92A3374C21AE3E5D0012EC64 /* UploadFile.h */ = {isa = PBXFileReference; fileEncoding = 4; lastKnownFileType = sourcecode.c.h; path = UploadFile.h; sourceTree = "<group>"; };
		92A3374D21AE3E5D0012EC64 /* AFNManager.h */ = {isa = PBXFileReference; fileEncoding = 4; lastKnownFileType = sourcecode.c.h; path = AFNManager.h; sourceTree = "<group>"; };
		92A3375021AE3ECE0012EC64 /* PrefixHeader.pch */ = {isa = PBXFileReference; fileEncoding = 4; lastKnownFileType = sourcecode.c.h; path = PrefixHeader.pch; sourceTree = "<group>"; };
		92A3375121AE406F0012EC64 /* UITableView+EmptyTableViewPlaceHolder.m */ = {isa = PBXFileReference; fileEncoding = 4; lastKnownFileType = sourcecode.c.objc; path = "UITableView+EmptyTableViewPlaceHolder.m"; sourceTree = "<group>"; };
		92A3375221AE406F0012EC64 /* UITableView+EmptyTableViewPlaceHolder.h */ = {isa = PBXFileReference; fileEncoding = 4; lastKnownFileType = sourcecode.c.h; path = "UITableView+EmptyTableViewPlaceHolder.h"; sourceTree = "<group>"; };
		92A3375421AE40CD0012EC64 /* UtilsFunctions.h */ = {isa = PBXFileReference; fileEncoding = 4; lastKnownFileType = sourcecode.c.h; path = UtilsFunctions.h; sourceTree = "<group>"; };
		92A3375521AE40CD0012EC64 /* UtilsFunctions.m */ = {isa = PBXFileReference; fileEncoding = 4; lastKnownFileType = sourcecode.c.objc; path = UtilsFunctions.m; sourceTree = "<group>"; };
		92A3375721AE414D0012EC64 /* UIView+ChangeFrame.h */ = {isa = PBXFileReference; fileEncoding = 4; lastKnownFileType = sourcecode.c.h; path = "UIView+ChangeFrame.h"; sourceTree = "<group>"; };
		92A3375821AE414D0012EC64 /* UIView+ChangeFrame.m */ = {isa = PBXFileReference; fileEncoding = 4; lastKnownFileType = sourcecode.c.objc; path = "UIView+ChangeFrame.m"; sourceTree = "<group>"; };
		92A3375A21AE42CB0012EC64 /* FetchData.h */ = {isa = PBXFileReference; lastKnownFileType = sourcecode.c.h; path = FetchData.h; sourceTree = "<group>"; };
		92A3375B21AE42CB0012EC64 /* FetchData.m */ = {isa = PBXFileReference; lastKnownFileType = sourcecode.c.objc; path = FetchData.m; sourceTree = "<group>"; };
		92A3375D21AE62FD0012EC64 /* SModel.h */ = {isa = PBXFileReference; lastKnownFileType = sourcecode.c.h; path = SModel.h; sourceTree = "<group>"; };
		92A3375E21AE62FD0012EC64 /* SModel.m */ = {isa = PBXFileReference; lastKnownFileType = sourcecode.c.objc; path = SModel.m; sourceTree = "<group>"; };
		92FCAA2A2201831200408D2E /* TABAnimationMethod.m */ = {isa = PBXFileReference; fileEncoding = 4; lastKnownFileType = sourcecode.c.objc; path = TABAnimationMethod.m; sourceTree = "<group>"; };
		92FCAA2B2201831200408D2E /* TABViewAnimated+ManagerCALayer.h */ = {isa = PBXFileReference; fileEncoding = 4; lastKnownFileType = sourcecode.c.h; path = "TABViewAnimated+ManagerCALayer.h"; sourceTree = "<group>"; };
		92FCAA2C2201831200408D2E /* UITableViewCell+TABLayoutSubviews.m */ = {isa = PBXFileReference; fileEncoding = 4; lastKnownFileType = sourcecode.c.objc; path = "UITableViewCell+TABLayoutSubviews.m"; sourceTree = "<group>"; };
		92FCAA2D2201831200408D2E /* UICollectionViewCell+TABLayoutSubviews.m */ = {isa = PBXFileReference; fileEncoding = 4; lastKnownFileType = sourcecode.c.objc; path = "UICollectionViewCell+TABLayoutSubviews.m"; sourceTree = "<group>"; };
		92FCAA2E2201831200408D2E /* UICollectionViewCell+TABLayoutSubviews.h */ = {isa = PBXFileReference; fileEncoding = 4; lastKnownFileType = sourcecode.c.h; path = "UICollectionViewCell+TABLayoutSubviews.h"; sourceTree = "<group>"; };
		92FCAA2F2201831200408D2E /* TABAnimationMethod.h */ = {isa = PBXFileReference; fileEncoding = 4; lastKnownFileType = sourcecode.c.h; path = TABAnimationMethod.h; sourceTree = "<group>"; };
		92FCAA302201831200408D2E /* UIView+TABLayoutSubviews.h */ = {isa = PBXFileReference; fileEncoding = 4; lastKnownFileType = sourcecode.c.h; path = "UIView+TABLayoutSubviews.h"; sourceTree = "<group>"; };
		92FCAA312201831200408D2E /* UIView+TABLayoutSubviews.m */ = {isa = PBXFileReference; fileEncoding = 4; lastKnownFileType = sourcecode.c.objc; path = "UIView+TABLayoutSubviews.m"; sourceTree = "<group>"; };
		92FCAA322201831200408D2E /* TABViewAnimated+ManagerCALayer.m */ = {isa = PBXFileReference; fileEncoding = 4; lastKnownFileType = sourcecode.c.objc; path = "TABViewAnimated+ManagerCALayer.m"; sourceTree = "<group>"; };
		92FCAA332201831200408D2E /* UITableViewCell+TABLayoutSubviews.h */ = {isa = PBXFileReference; fileEncoding = 4; lastKnownFileType = sourcecode.c.h; path = "UITableViewCell+TABLayoutSubviews.h"; sourceTree = "<group>"; };
		AA9E721167BF0225E2C2EE12 /* Pods_BaseTableViewDemo.framework */ = {isa = PBXFileReference; explicitFileType = wrapper.framework; includeInIndex = 0; path = Pods_BaseTableViewDemo.framework; sourceTree = BUILT_PRODUCTS_DIR; };
/* End PBXFileReference section */

/* Begin PBXFrameworksBuildPhase section */
		92A336B121AB94C20012EC64 /* Frameworks */ = {
			isa = PBXFrameworksBuildPhase;
			buildActionMask = 2147483647;
			files = (
				48427C1C3792DD29611E7721 /* Pods_BaseTableViewDemo.framework in Frameworks */,
			);
			runOnlyForDeploymentPostprocessing = 0;
		};
		92A336C921AB94C50012EC64 /* Frameworks */ = {
			isa = PBXFrameworksBuildPhase;
			buildActionMask = 2147483647;
			files = (
			);
			runOnlyForDeploymentPostprocessing = 0;
		};
		92A336D421AB94C50012EC64 /* Frameworks */ = {
			isa = PBXFrameworksBuildPhase;
			buildActionMask = 2147483647;
			files = (
			);
			runOnlyForDeploymentPostprocessing = 0;
		};
/* End PBXFrameworksBuildPhase section */

/* Begin PBXGroup section */
		479F773F0985BC18308DC8A0 /* Frameworks */ = {
			isa = PBXGroup;
			children = (
				AA9E721167BF0225E2C2EE12 /* Pods_BaseTableViewDemo.framework */,
			);
			name = Frameworks;
			sourceTree = "<group>";
		};
		92A336AB21AB94C10012EC64 = {
			isa = PBXGroup;
			children = (
				92A336B621AB94C20012EC64 /* BaseTableViewDemo */,
				92A336CF21AB94C50012EC64 /* BaseTableViewDemoTests */,
				92A336DA21AB94C50012EC64 /* BaseTableViewDemoUITests */,
				92A336B521AB94C20012EC64 /* Products */,
				CFDFA2F44874E8A6566BD2FA /* Pods */,
				479F773F0985BC18308DC8A0 /* Frameworks */,
			);
			sourceTree = "<group>";
		};
		92A336B521AB94C20012EC64 /* Products */ = {
			isa = PBXGroup;
			children = (
				92A336B421AB94C20012EC64 /* BaseTableViewDemo.app */,
				92A336CC21AB94C50012EC64 /* BaseTableViewDemoTests.xctest */,
				92A336D721AB94C50012EC64 /* BaseTableViewDemoUITests.xctest */,
			);
			name = Products;
			sourceTree = "<group>";
		};
		92A336B621AB94C20012EC64 /* BaseTableViewDemo */ = {
			isa = PBXGroup;
			children = (
				92A3375021AE3ECE0012EC64 /* PrefixHeader.pch */,
				92A3373B21AE3E0E0012EC64 /* Utils */,
				92A336F321AD1F4B0012EC64 /* STableView */,
				92A336B721AB94C20012EC64 /* AppDelegate.h */,
				92A336B821AB94C20012EC64 /* AppDelegate.m */,
				92A336EC21AD186D0012EC64 /* MainViewController.h */,
				92A336ED21AD186D0012EC64 /* MainViewController.m */,
				92A3375A21AE42CB0012EC64 /* FetchData.h */,
				92A3375B21AE42CB0012EC64 /* FetchData.m */,
				92A3375D21AE62FD0012EC64 /* SModel.h */,
				92A3375E21AE62FD0012EC64 /* SModel.m */,
				92A336BD21AB94C20012EC64 /* Main.storyboard */,
				92A336C021AB94C50012EC64 /* Assets.xcassets */,
				92A336C221AB94C50012EC64 /* LaunchScreen.storyboard */,
				92A336C521AB94C50012EC64 /* Info.plist */,
				92A336C621AB94C50012EC64 /* main.m */,
			);
			path = BaseTableViewDemo;
			sourceTree = "<group>";
		};
		92A336CF21AB94C50012EC64 /* BaseTableViewDemoTests */ = {
			isa = PBXGroup;
			children = (
				92A336D021AB94C50012EC64 /* BaseTableViewDemoTests.m */,
				92A336D221AB94C50012EC64 /* Info.plist */,
			);
			path = BaseTableViewDemoTests;
			sourceTree = "<group>";
		};
		92A336DA21AB94C50012EC64 /* BaseTableViewDemoUITests */ = {
			isa = PBXGroup;
			children = (
				92A336DB21AB94C50012EC64 /* BaseTableViewDemoUITests.m */,
				92A336DD21AB94C50012EC64 /* Info.plist */,
			);
			path = BaseTableViewDemoUITests;
			sourceTree = "<group>";
		};
		92A336F321AD1F4B0012EC64 /* STableView */ = {
			isa = PBXGroup;
			children = (
				92A3375221AE406F0012EC64 /* UITableView+EmptyTableViewPlaceHolder.h */,
				92A3375121AE406F0012EC64 /* UITableView+EmptyTableViewPlaceHolder.m */,
				92A3372121AE39990012EC64 /* TABAnimated */,
				92A3370021AD5E6E0012EC64 /* STableViewCell.h */,
				92A336FF21AD5E6E0012EC64 /* STableViewCell.m */,
				92A336F421AD1F580012EC64 /* STableView.h */,
				92A336F521AD1F580012EC64 /* STableView.m */,
			);
			path = STableView;
			sourceTree = "<group>";
		};
		92A3372121AE39990012EC64 /* TABAnimated */ = {
			isa = PBXGroup;
			children = (
				92FCAA2F2201831200408D2E /* TABAnimationMethod.h */,
				92FCAA2A2201831200408D2E /* TABAnimationMethod.m */,
				92FCAA2B2201831200408D2E /* TABViewAnimated+ManagerCALayer.h */,
				92FCAA322201831200408D2E /* TABViewAnimated+ManagerCALayer.m */,
				92FCAA2E2201831200408D2E /* UICollectionViewCell+TABLayoutSubviews.h */,
				92FCAA2D2201831200408D2E /* UICollectionViewCell+TABLayoutSubviews.m */,
				92FCAA332201831200408D2E /* UITableViewCell+TABLayoutSubviews.h */,
				92FCAA2C2201831200408D2E /* UITableViewCell+TABLayoutSubviews.m */,
				92FCAA302201831200408D2E /* UIView+TABLayoutSubviews.h */,
				92FCAA312201831200408D2E /* UIView+TABLayoutSubviews.m */,
				92A3372321AE39990012EC64 /* TABMethod.m */,
				92A3372521AE39990012EC64 /* UITableView+Animated.m */,
				92A3372621AE39990012EC64 /* TABViewAnimated.m */,
				92A3372821AE39990012EC64 /* UIView+Animated.m */,
				92A3372921AE39990012EC64 /* UICollectionView+Animated.m */,
				92A3372B21AE39990012EC64 /* TABMethod.h */,
				92A3372D21AE39990012EC64 /* UITableView+Animated.h */,
				92A3372E21AE39990012EC64 /* TABAnimated.h */,
				92A3372F21AE39990012EC64 /* UIView+Animated.h */,
				92A3373021AE39990012EC64 /* TABViewAnimated.h */,
				92A3373221AE39990012EC64 /* UICollectionView+Animated.h */,
			);
			path = TABAnimated;
			sourceTree = "<group>";
		};
		92A3373B21AE3E0E0012EC64 /* Utils */ = {
			isa = PBXGroup;
			children = (
				92A3375721AE414D0012EC64 /* UIView+ChangeFrame.h */,
				92A3375821AE414D0012EC64 /* UIView+ChangeFrame.m */,
				92A3375421AE40CD0012EC64 /* UtilsFunctions.h */,
				92A3375521AE40CD0012EC64 /* UtilsFunctions.m */,
				92A3374921AE3E5D0012EC64 /* NetRequestManager */,
			);
			path = Utils;
			sourceTree = "<group>";
		};
		92A3374921AE3E5D0012EC64 /* NetRequestManager */ = {
			isa = PBXGroup;
			children = (
				92A3374A21AE3E5D0012EC64 /* UploadFile.m */,
				92A3374B21AE3E5D0012EC64 /* AFNManager.m */,
				92A3374C21AE3E5D0012EC64 /* UploadFile.h */,
				92A3374D21AE3E5D0012EC64 /* AFNManager.h */,
			);
			path = NetRequestManager;
			sourceTree = "<group>";
		};
		CFDFA2F44874E8A6566BD2FA /* Pods */ = {
			isa = PBXGroup;
			children = (
				12E2297D439C5ABA00A3E353 /* Pods-BaseTableViewDemo.debug.xcconfig */,
				2FCEAB0E2966AE9A3557E93E /* Pods-BaseTableViewDemo.release.xcconfig */,
			);
			name = Pods;
			sourceTree = "<group>";
		};
/* End PBXGroup section */

/* Begin PBXNativeTarget section */
		92A336B321AB94C20012EC64 /* BaseTableViewDemo */ = {
			isa = PBXNativeTarget;
			buildConfigurationList = 92A336E021AB94C50012EC64 /* Build configuration list for PBXNativeTarget "BaseTableViewDemo" */;
			buildPhases = (
				93BF994A11A8D57E41AD2E55 /* [CP] Check Pods Manifest.lock */,
				92A336B021AB94C20012EC64 /* Sources */,
				92A336B121AB94C20012EC64 /* Frameworks */,
				92A336B221AB94C20012EC64 /* Resources */,
				15B0828298BED737C7C4200A /* [CP] Embed Pods Frameworks */,
				DF1A67C9527AC2C19A5445D8 /* [CP] Copy Pods Resources */,
			);
			buildRules = (
			);
			dependencies = (
			);
			name = BaseTableViewDemo;
			productName = BaseTableViewDemo;
			productReference = 92A336B421AB94C20012EC64 /* BaseTableViewDemo.app */;
			productType = "com.apple.product-type.application";
		};
		92A336CB21AB94C50012EC64 /* BaseTableViewDemoTests */ = {
			isa = PBXNativeTarget;
			buildConfigurationList = 92A336E321AB94C50012EC64 /* Build configuration list for PBXNativeTarget "BaseTableViewDemoTests" */;
			buildPhases = (
				92A336C821AB94C50012EC64 /* Sources */,
				92A336C921AB94C50012EC64 /* Frameworks */,
				92A336CA21AB94C50012EC64 /* Resources */,
			);
			buildRules = (
			);
			dependencies = (
				92A336CE21AB94C50012EC64 /* PBXTargetDependency */,
			);
			name = BaseTableViewDemoTests;
			productName = BaseTableViewDemoTests;
			productReference = 92A336CC21AB94C50012EC64 /* BaseTableViewDemoTests.xctest */;
			productType = "com.apple.product-type.bundle.unit-test";
		};
		92A336D621AB94C50012EC64 /* BaseTableViewDemoUITests */ = {
			isa = PBXNativeTarget;
			buildConfigurationList = 92A336E621AB94C50012EC64 /* Build configuration list for PBXNativeTarget "BaseTableViewDemoUITests" */;
			buildPhases = (
				92A336D321AB94C50012EC64 /* Sources */,
				92A336D421AB94C50012EC64 /* Frameworks */,
				92A336D521AB94C50012EC64 /* Resources */,
			);
			buildRules = (
			);
			dependencies = (
				92A336D921AB94C50012EC64 /* PBXTargetDependency */,
			);
			name = BaseTableViewDemoUITests;
			productName = BaseTableViewDemoUITests;
			productReference = 92A336D721AB94C50012EC64 /* BaseTableViewDemoUITests.xctest */;
			productType = "com.apple.product-type.bundle.ui-testing";
		};
/* End PBXNativeTarget section */

/* Begin PBXProject section */
		92A336AC21AB94C20012EC64 /* Project object */ = {
			isa = PBXProject;
			attributes = {
				LastUpgradeCheck = 1010;
				ORGANIZATIONNAME = "宋金委";
				TargetAttributes = {
					92A336B321AB94C20012EC64 = {
						CreatedOnToolsVersion = 10.1;
					};
					92A336CB21AB94C50012EC64 = {
						CreatedOnToolsVersion = 10.1;
						TestTargetID = 92A336B321AB94C20012EC64;
					};
					92A336D621AB94C50012EC64 = {
						CreatedOnToolsVersion = 10.1;
						TestTargetID = 92A336B321AB94C20012EC64;
					};
				};
			};
			buildConfigurationList = 92A336AF21AB94C20012EC64 /* Build configuration list for PBXProject "BaseTableViewDemo" */;
			compatibilityVersion = "Xcode 9.3";
			developmentRegion = en;
			hasScannedForEncodings = 0;
			knownRegions = (
				en,
				Base,
			);
			mainGroup = 92A336AB21AB94C10012EC64;
			productRefGroup = 92A336B521AB94C20012EC64 /* Products */;
			projectDirPath = "";
			projectRoot = "";
			targets = (
				92A336B321AB94C20012EC64 /* BaseTableViewDemo */,
				92A336CB21AB94C50012EC64 /* BaseTableViewDemoTests */,
				92A336D621AB94C50012EC64 /* BaseTableViewDemoUITests */,
			);
		};
/* End PBXProject section */

/* Begin PBXResourcesBuildPhase section */
		92A336B221AB94C20012EC64 /* Resources */ = {
			isa = PBXResourcesBuildPhase;
			buildActionMask = 2147483647;
			files = (
				92A336C421AB94C50012EC64 /* LaunchScreen.storyboard in Resources */,
				92A336C121AB94C50012EC64 /* Assets.xcassets in Resources */,
				92A336BF21AB94C20012EC64 /* Main.storyboard in Resources */,
			);
			runOnlyForDeploymentPostprocessing = 0;
		};
		92A336CA21AB94C50012EC64 /* Resources */ = {
			isa = PBXResourcesBuildPhase;
			buildActionMask = 2147483647;
			files = (
			);
			runOnlyForDeploymentPostprocessing = 0;
		};
		92A336D521AB94C50012EC64 /* Resources */ = {
			isa = PBXResourcesBuildPhase;
			buildActionMask = 2147483647;
			files = (
			);
			runOnlyForDeploymentPostprocessing = 0;
		};
/* End PBXResourcesBuildPhase section */

/* Begin PBXShellScriptBuildPhase section */
		15B0828298BED737C7C4200A /* [CP] Embed Pods Frameworks */ = {
			isa = PBXShellScriptBuildPhase;
			buildActionMask = 2147483647;
			files = (
			);
			inputFileListPaths = (
			);
			inputPaths = (
				"${SRCROOT}/Pods/Target Support Files/Pods-BaseTableViewDemo/Pods-BaseTableViewDemo-frameworks.sh",
				"${BUILT_PRODUCTS_DIR}/AFNetworking/AFNetworking.framework",
				"${BUILT_PRODUCTS_DIR}/MJExtension/MJExtension.framework",
				"${BUILT_PRODUCTS_DIR}/MJRefresh/MJRefresh.framework",
				"${BUILT_PRODUCTS_DIR}/SDWebImage/SDWebImage.framework",
				"${BUILT_PRODUCTS_DIR}/SVProgressHUD/SVProgressHUD.framework",
			);
			name = "[CP] Embed Pods Frameworks";
			outputFileListPaths = (
			);
			outputPaths = (
				"${TARGET_BUILD_DIR}/${FRAMEWORKS_FOLDER_PATH}/AFNetworking.framework",
				"${TARGET_BUILD_DIR}/${FRAMEWORKS_FOLDER_PATH}/MJExtension.framework",
				"${TARGET_BUILD_DIR}/${FRAMEWORKS_FOLDER_PATH}/MJRefresh.framework",
				"${TARGET_BUILD_DIR}/${FRAMEWORKS_FOLDER_PATH}/SDWebImage.framework",
				"${TARGET_BUILD_DIR}/${FRAMEWORKS_FOLDER_PATH}/SVProgressHUD.framework",
			);
			runOnlyForDeploymentPostprocessing = 0;
			shellPath = /bin/sh;
			shellScript = "\"${SRCROOT}/Pods/Target Support Files/Pods-BaseTableViewDemo/Pods-BaseTableViewDemo-frameworks.sh\"\n";
			showEnvVarsInLog = 0;
		};
		93BF994A11A8D57E41AD2E55 /* [CP] Check Pods Manifest.lock */ = {
			isa = PBXShellScriptBuildPhase;
			buildActionMask = 2147483647;
			files = (
			);
			inputFileListPaths = (
			);
			inputPaths = (
				"${PODS_PODFILE_DIR_PATH}/Podfile.lock",
				"${PODS_ROOT}/Manifest.lock",
			);
			name = "[CP] Check Pods Manifest.lock";
			outputFileListPaths = (
			);
			outputPaths = (
				"$(DERIVED_FILE_DIR)/Pods-BaseTableViewDemo-checkManifestLockResult.txt",
			);
			runOnlyForDeploymentPostprocessing = 0;
			shellPath = /bin/sh;
			shellScript = "diff \"${PODS_PODFILE_DIR_PATH}/Podfile.lock\" \"${PODS_ROOT}/Manifest.lock\" > /dev/null\nif [ $? != 0 ] ; then\n    # print error to STDERR\n    echo \"error: The sandbox is not in sync with the Podfile.lock. Run 'pod install' or update your CocoaPods installation.\" >&2\n    exit 1\nfi\n# This output is used by Xcode 'outputs' to avoid re-running this script phase.\necho \"SUCCESS\" > \"${SCRIPT_OUTPUT_FILE_0}\"\n";
			showEnvVarsInLog = 0;
		};
		DF1A67C9527AC2C19A5445D8 /* [CP] Copy Pods Resources */ = {
			isa = PBXShellScriptBuildPhase;
			buildActionMask = 2147483647;
			files = (
			);
			inputFileListPaths = (
			);
			inputPaths = (
			);
			name = "[CP] Copy Pods Resources";
			outputFileListPaths = (
			);
			outputPaths = (
			);
			runOnlyForDeploymentPostprocessing = 0;
			shellPath = /bin/sh;
			shellScript = "\"${SRCROOT}/Pods/Target Support Files/Pods-BaseTableViewDemo/Pods-BaseTableViewDemo-resources.sh\"\n";
			showEnvVarsInLog = 0;
		};
/* End PBXShellScriptBuildPhase section */

/* Begin PBXSourcesBuildPhase section */
		92A336B021AB94C20012EC64 /* Sources */ = {
			isa = PBXSourcesBuildPhase;
			buildActionMask = 2147483647;
			files = (
				92A3373321AE39990012EC64 /* TABMethod.m in Sources */,
				92A3373821AE39990012EC64 /* UICollectionView+Animated.m in Sources */,
				92FCAA382201831200408D2E /* TABViewAnimated+ManagerCALayer.m in Sources */,
				92A3375321AE406F0012EC64 /* UITableView+EmptyTableViewPlaceHolder.m in Sources */,
				92A3370121AD5E6E0012EC64 /* STableViewCell.m in Sources */,
				92FCAA362201831200408D2E /* UICollectionViewCell+TABLayoutSubviews.m in Sources */,
				92A3373621AE39990012EC64 /* TABViewAnimated.m in Sources */,
				92FCAA372201831200408D2E /* UIView+TABLayoutSubviews.m in Sources */,
				92A336C721AB94C50012EC64 /* main.m in Sources */,
				92A3375621AE40CD0012EC64 /* UtilsFunctions.m in Sources */,
				92A336F621AD1F580012EC64 /* STableView.m in Sources */,
				92A3375F21AE62FD0012EC64 /* SModel.m in Sources */,
				92A3374F21AE3E5D0012EC64 /* AFNManager.m in Sources */,
				92FCAA352201831200408D2E /* UITableViewCell+TABLayoutSubviews.m in Sources */,
				92A3375921AE414D0012EC64 /* UIView+ChangeFrame.m in Sources */,
				92A336B921AB94C20012EC64 /* AppDelegate.m in Sources */,
				92A3375C21AE42CB0012EC64 /* FetchData.m in Sources */,
				92A336EE21AD186D0012EC64 /* MainViewController.m in Sources */,
				92A3373721AE39990012EC64 /* UIView+Animated.m in Sources */,
				92A3374E21AE3E5D0012EC64 /* UploadFile.m in Sources */,
				92A3373521AE39990012EC64 /* UITableView+Animated.m in Sources */,
				92FCAA342201831200408D2E /* TABAnimationMethod.m in Sources */,
			);
			runOnlyForDeploymentPostprocessing = 0;
		};
		92A336C821AB94C50012EC64 /* Sources */ = {
			isa = PBXSourcesBuildPhase;
			buildActionMask = 2147483647;
			files = (
				92A336D121AB94C50012EC64 /* BaseTableViewDemoTests.m in Sources */,
			);
			runOnlyForDeploymentPostprocessing = 0;
		};
		92A336D321AB94C50012EC64 /* Sources */ = {
			isa = PBXSourcesBuildPhase;
			buildActionMask = 2147483647;
			files = (
				92A336DC21AB94C50012EC64 /* BaseTableViewDemoUITests.m in Sources */,
			);
			runOnlyForDeploymentPostprocessing = 0;
		};
/* End PBXSourcesBuildPhase section */

/* Begin PBXTargetDependency section */
		92A336CE21AB94C50012EC64 /* PBXTargetDependency */ = {
			isa = PBXTargetDependency;
			target = 92A336B321AB94C20012EC64 /* BaseTableViewDemo */;
			targetProxy = 92A336CD21AB94C50012EC64 /* PBXContainerItemProxy */;
		};
		92A336D921AB94C50012EC64 /* PBXTargetDependency */ = {
			isa = PBXTargetDependency;
			target = 92A336B321AB94C20012EC64 /* BaseTableViewDemo */;
			targetProxy = 92A336D821AB94C50012EC64 /* PBXContainerItemProxy */;
		};
/* End PBXTargetDependency section */

/* Begin PBXVariantGroup section */
		92A336BD21AB94C20012EC64 /* Main.storyboard */ = {
			isa = PBXVariantGroup;
			children = (
				92A336BE21AB94C20012EC64 /* Base */,
			);
			name = Main.storyboard;
			sourceTree = "<group>";
		};
		92A336C221AB94C50012EC64 /* LaunchScreen.storyboard */ = {
			isa = PBXVariantGroup;
			children = (
				92A336C321AB94C50012EC64 /* Base */,
			);
			name = LaunchScreen.storyboard;
			sourceTree = "<group>";
		};
/* End PBXVariantGroup section */

/* Begin XCBuildConfiguration section */
		92A336DE21AB94C50012EC64 /* Debug */ = {
			isa = XCBuildConfiguration;
			buildSettings = {
				ALWAYS_SEARCH_USER_PATHS = NO;
				CLANG_ANALYZER_NONNULL = YES;
				CLANG_ANALYZER_NUMBER_OBJECT_CONVERSION = YES_AGGRESSIVE;
				CLANG_CXX_LANGUAGE_STANDARD = "gnu++14";
				CLANG_CXX_LIBRARY = "libc++";
				CLANG_ENABLE_MODULES = YES;
				CLANG_ENABLE_OBJC_ARC = YES;
				CLANG_ENABLE_OBJC_WEAK = YES;
				CLANG_WARN_BLOCK_CAPTURE_AUTORELEASING = YES;
				CLANG_WARN_BOOL_CONVERSION = YES;
				CLANG_WARN_COMMA = YES;
				CLANG_WARN_CONSTANT_CONVERSION = YES;
				CLANG_WARN_DEPRECATED_OBJC_IMPLEMENTATIONS = YES;
				CLANG_WARN_DIRECT_OBJC_ISA_USAGE = YES_ERROR;
				CLANG_WARN_DOCUMENTATION_COMMENTS = YES;
				CLANG_WARN_EMPTY_BODY = YES;
				CLANG_WARN_ENUM_CONVERSION = YES;
				CLANG_WARN_INFINITE_RECURSION = YES;
				CLANG_WARN_INT_CONVERSION = YES;
				CLANG_WARN_NON_LITERAL_NULL_CONVERSION = YES;
				CLANG_WARN_OBJC_IMPLICIT_RETAIN_SELF = YES;
				CLANG_WARN_OBJC_LITERAL_CONVERSION = YES;
				CLANG_WARN_OBJC_ROOT_CLASS = YES_ERROR;
				CLANG_WARN_RANGE_LOOP_ANALYSIS = YES;
				CLANG_WARN_STRICT_PROTOTYPES = YES;
				CLANG_WARN_SUSPICIOUS_MOVE = YES;
				CLANG_WARN_UNGUARDED_AVAILABILITY = YES_AGGRESSIVE;
				CLANG_WARN_UNREACHABLE_CODE = YES;
				CLANG_WARN__DUPLICATE_METHOD_MATCH = YES;
				CODE_SIGN_IDENTITY = "iPhone Developer";
				COPY_PHASE_STRIP = NO;
				DEBUG_INFORMATION_FORMAT = dwarf;
				ENABLE_STRICT_OBJC_MSGSEND = YES;
				ENABLE_TESTABILITY = YES;
				GCC_C_LANGUAGE_STANDARD = gnu11;
				GCC_DYNAMIC_NO_PIC = NO;
				GCC_NO_COMMON_BLOCKS = YES;
				GCC_OPTIMIZATION_LEVEL = 0;
				GCC_PREPROCESSOR_DEFINITIONS = (
					"DEBUG=1",
					"$(inherited)",
				);
				GCC_WARN_64_TO_32_BIT_CONVERSION = YES;
				GCC_WARN_ABOUT_RETURN_TYPE = YES_ERROR;
				GCC_WARN_UNDECLARED_SELECTOR = YES;
				GCC_WARN_UNINITIALIZED_AUTOS = YES_AGGRESSIVE;
				GCC_WARN_UNUSED_FUNCTION = YES;
				GCC_WARN_UNUSED_VARIABLE = YES;
				IPHONEOS_DEPLOYMENT_TARGET = 12.1;
				MTL_ENABLE_DEBUG_INFO = INCLUDE_SOURCE;
				MTL_FAST_MATH = YES;
				ONLY_ACTIVE_ARCH = YES;
				SDKROOT = iphoneos;
			};
			name = Debug;
		};
		92A336DF21AB94C50012EC64 /* Release */ = {
			isa = XCBuildConfiguration;
			buildSettings = {
				ALWAYS_SEARCH_USER_PATHS = NO;
				CLANG_ANALYZER_NONNULL = YES;
				CLANG_ANALYZER_NUMBER_OBJECT_CONVERSION = YES_AGGRESSIVE;
				CLANG_CXX_LANGUAGE_STANDARD = "gnu++14";
				CLANG_CXX_LIBRARY = "libc++";
				CLANG_ENABLE_MODULES = YES;
				CLANG_ENABLE_OBJC_ARC = YES;
				CLANG_ENABLE_OBJC_WEAK = YES;
				CLANG_WARN_BLOCK_CAPTURE_AUTORELEASING = YES;
				CLANG_WARN_BOOL_CONVERSION = YES;
				CLANG_WARN_COMMA = YES;
				CLANG_WARN_CONSTANT_CONVERSION = YES;
				CLANG_WARN_DEPRECATED_OBJC_IMPLEMENTATIONS = YES;
				CLANG_WARN_DIRECT_OBJC_ISA_USAGE = YES_ERROR;
				CLANG_WARN_DOCUMENTATION_COMMENTS = YES;
				CLANG_WARN_EMPTY_BODY = YES;
				CLANG_WARN_ENUM_CONVERSION = YES;
				CLANG_WARN_INFINITE_RECURSION = YES;
				CLANG_WARN_INT_CONVERSION = YES;
				CLANG_WARN_NON_LITERAL_NULL_CONVERSION = YES;
				CLANG_WARN_OBJC_IMPLICIT_RETAIN_SELF = YES;
				CLANG_WARN_OBJC_LITERAL_CONVERSION = YES;
				CLANG_WARN_OBJC_ROOT_CLASS = YES_ERROR;
				CLANG_WARN_RANGE_LOOP_ANALYSIS = YES;
				CLANG_WARN_STRICT_PROTOTYPES = YES;
				CLANG_WARN_SUSPICIOUS_MOVE = YES;
				CLANG_WARN_UNGUARDED_AVAILABILITY = YES_AGGRESSIVE;
				CLANG_WARN_UNREACHABLE_CODE = YES;
				CLANG_WARN__DUPLICATE_METHOD_MATCH = YES;
				CODE_SIGN_IDENTITY = "iPhone Developer";
				COPY_PHASE_STRIP = NO;
				DEBUG_INFORMATION_FORMAT = "dwarf-with-dsym";
				ENABLE_NS_ASSERTIONS = NO;
				ENABLE_STRICT_OBJC_MSGSEND = YES;
				GCC_C_LANGUAGE_STANDARD = gnu11;
				GCC_NO_COMMON_BLOCKS = YES;
				GCC_WARN_64_TO_32_BIT_CONVERSION = YES;
				GCC_WARN_ABOUT_RETURN_TYPE = YES_ERROR;
				GCC_WARN_UNDECLARED_SELECTOR = YES;
				GCC_WARN_UNINITIALIZED_AUTOS = YES_AGGRESSIVE;
				GCC_WARN_UNUSED_FUNCTION = YES;
				GCC_WARN_UNUSED_VARIABLE = YES;
				IPHONEOS_DEPLOYMENT_TARGET = 12.1;
				MTL_ENABLE_DEBUG_INFO = NO;
				MTL_FAST_MATH = YES;
				SDKROOT = iphoneos;
				VALIDATE_PRODUCT = YES;
			};
			name = Release;
		};
		92A336E121AB94C50012EC64 /* Debug */ = {
			isa = XCBuildConfiguration;
			baseConfigurationReference = 12E2297D439C5ABA00A3E353 /* Pods-BaseTableViewDemo.debug.xcconfig */;
			buildSettings = {
				ASSETCATALOG_COMPILER_APPICON_NAME = AppIcon;
				CODE_SIGN_STYLE = Automatic;
				DEVELOPMENT_TEAM = F842XTAYK8;
				GCC_PREFIX_HEADER = "$(SRCROOT)/BaseTableViewDemo/PrefixHeader.pch";
				INFOPLIST_FILE = BaseTableViewDemo/Info.plist;
				LD_RUNPATH_SEARCH_PATHS = (
					"$(inherited)",
					"@executable_path/Frameworks",
				);
				PRODUCT_BUNDLE_IDENTIFIER = IMSong.BaseTableViewDemo;
				PRODUCT_NAME = "$(TARGET_NAME)";
				TARGETED_DEVICE_FAMILY = "1,2";
			};
			name = Debug;
		};
		92A336E221AB94C50012EC64 /* Release */ = {
			isa = XCBuildConfiguration;
			baseConfigurationReference = 2FCEAB0E2966AE9A3557E93E /* Pods-BaseTableViewDemo.release.xcconfig */;
			buildSettings = {
				ASSETCATALOG_COMPILER_APPICON_NAME = AppIcon;
				CODE_SIGN_STYLE = Automatic;
				DEVELOPMENT_TEAM = F842XTAYK8;
				GCC_PREFIX_HEADER = "$(SRCROOT)/BaseTableViewDemo/PrefixHeader.pch";
				INFOPLIST_FILE = BaseTableViewDemo/Info.plist;
				LD_RUNPATH_SEARCH_PATHS = (
					"$(inherited)",
					"@executable_path/Frameworks",
				);
				PRODUCT_BUNDLE_IDENTIFIER = IMSong.BaseTableViewDemo;
				PRODUCT_NAME = "$(TARGET_NAME)";
				TARGETED_DEVICE_FAMILY = "1,2";
			};
			name = Release;
		};
		92A336E421AB94C50012EC64 /* Debug */ = {
			isa = XCBuildConfiguration;
			buildSettings = {
				BUNDLE_LOADER = "$(TEST_HOST)";
				CODE_SIGN_STYLE = Automatic;
				DEVELOPMENT_TEAM = F842XTAYK8;
				INFOPLIST_FILE = BaseTableViewDemoTests/Info.plist;
				LD_RUNPATH_SEARCH_PATHS = (
					"$(inherited)",
					"@executable_path/Frameworks",
					"@loader_path/Frameworks",
				);
				PRODUCT_BUNDLE_IDENTIFIER = IMSong.BaseTableViewDemoTests;
				PRODUCT_NAME = "$(TARGET_NAME)";
				TARGETED_DEVICE_FAMILY = "1,2";
				TEST_HOST = "$(BUILT_PRODUCTS_DIR)/BaseTableViewDemo.app/BaseTableViewDemo";
			};
			name = Debug;
		};
		92A336E521AB94C50012EC64 /* Release */ = {
			isa = XCBuildConfiguration;
			buildSettings = {
				BUNDLE_LOADER = "$(TEST_HOST)";
				CODE_SIGN_STYLE = Automatic;
				DEVELOPMENT_TEAM = F842XTAYK8;
				INFOPLIST_FILE = BaseTableViewDemoTests/Info.plist;
				LD_RUNPATH_SEARCH_PATHS = (
					"$(inherited)",
					"@executable_path/Frameworks",
					"@loader_path/Frameworks",
				);
				PRODUCT_BUNDLE_IDENTIFIER = IMSong.BaseTableViewDemoTests;
				PRODUCT_NAME = "$(TARGET_NAME)";
				TARGETED_DEVICE_FAMILY = "1,2";
				TEST_HOST = "$(BUILT_PRODUCTS_DIR)/BaseTableViewDemo.app/BaseTableViewDemo";
			};
			name = Release;
		};
		92A336E721AB94C50012EC64 /* Debug */ = {
			isa = XCBuildConfiguration;
			buildSettings = {
				CODE_SIGN_STYLE = Automatic;
				DEVELOPMENT_TEAM = F842XTAYK8;
				INFOPLIST_FILE = BaseTableViewDemoUITests/Info.plist;
				LD_RUNPATH_SEARCH_PATHS = (
					"$(inherited)",
					"@executable_path/Frameworks",
					"@loader_path/Frameworks",
				);
				PRODUCT_BUNDLE_IDENTIFIER = IMSong.BaseTableViewDemoUITests;
				PRODUCT_NAME = "$(TARGET_NAME)";
				TARGETED_DEVICE_FAMILY = "1,2";
				TEST_TARGET_NAME = BaseTableViewDemo;
			};
			name = Debug;
		};
		92A336E821AB94C50012EC64 /* Release */ = {
			isa = XCBuildConfiguration;
			buildSettings = {
				CODE_SIGN_STYLE = Automatic;
				DEVELOPMENT_TEAM = F842XTAYK8;
				INFOPLIST_FILE = BaseTableViewDemoUITests/Info.plist;
				LD_RUNPATH_SEARCH_PATHS = (
					"$(inherited)",
					"@executable_path/Frameworks",
					"@loader_path/Frameworks",
				);
				PRODUCT_BUNDLE_IDENTIFIER = IMSong.BaseTableViewDemoUITests;
				PRODUCT_NAME = "$(TARGET_NAME)";
				TARGETED_DEVICE_FAMILY = "1,2";
				TEST_TARGET_NAME = BaseTableViewDemo;
			};
			name = Release;
		};
/* End XCBuildConfiguration section */

/* Begin XCConfigurationList section */
		92A336AF21AB94C20012EC64 /* Build configuration list for PBXProject "BaseTableViewDemo" */ = {
			isa = XCConfigurationList;
			buildConfigurations = (
				92A336DE21AB94C50012EC64 /* Debug */,
				92A336DF21AB94C50012EC64 /* Release */,
			);
			defaultConfigurationIsVisible = 0;
			defaultConfigurationName = Release;
		};
		92A336E021AB94C50012EC64 /* Build configuration list for PBXNativeTarget "BaseTableViewDemo" */ = {
			isa = XCConfigurationList;
			buildConfigurations = (
				92A336E121AB94C50012EC64 /* Debug */,
				92A336E221AB94C50012EC64 /* Release */,
			);
			defaultConfigurationIsVisible = 0;
			defaultConfigurationName = Release;
		};
		92A336E321AB94C50012EC64 /* Build configuration list for PBXNativeTarget "BaseTableViewDemoTests" */ = {
			isa = XCConfigurationList;
			buildConfigurations = (
				92A336E421AB94C50012EC64 /* Debug */,
				92A336E521AB94C50012EC64 /* Release */,
			);
			defaultConfigurationIsVisible = 0;
			defaultConfigurationName = Release;
		};
		92A336E621AB94C50012EC64 /* Build configuration list for PBXNativeTarget "BaseTableViewDemoUITests" */ = {
			isa = XCConfigurationList;
			buildConfigurations = (
				92A336E721AB94C50012EC64 /* Debug */,
				92A336E821AB94C50012EC64 /* Release */,
			);
			defaultConfigurationIsVisible = 0;
			defaultConfigurationName = Release;
		};
/* End XCConfigurationList section */
	};
	rootObject = 92A336AC21AB94C20012EC64 /* Project object */;
}
